{
  "name": "promces",
  "version": "0.1.0",
  "lockfileVersion": 1,
  "requires": true,
  "dependencies": {
    "bintrees": {
      "version": "1.0.1",
      "resolved": "https://registry.npmjs.org/bintrees/-/bintrees-1.0.1.tgz",
      "integrity": "sha1-DmVcm5wkNeqraL9AJyJtK1WjRSQ="
    },
    "prom-client": {
      "version": "11.2.1",
      "resolved": "https://registry.npmjs.org/prom-client/-/prom-client-11.2.1.tgz",
      "integrity": "sha512-7VwtjrkQS50NvDoeYNn2z6wzXB5BMGzUlmMOeLPaITtJsTVXnPywRta7QFiV4pKr0fbRx9oDfUcx1xibabjSAg==",
      "requires": {
        "tdigest": "^0.1.1"
      }
    },
    "promes": {
      "version": "0.1.3",
      "resolved": "https://registry.npmjs.org/promes/-/promes-0.1.3.tgz",
      "integrity": "sha512-TSYirz491j/gANqOm3bEfcaqQLSZQcCU9Pr11TISLqMoWvO0AJbJ2jjTSdVkNUCMo5TbDDGp9KPhLaVRPy5m+Q=="
    },
    "tdigest": {
      "version": "0.1.1",
      "resolved": "https://registry.npmjs.org/tdigest/-/tdigest-0.1.1.tgz",
      "integrity": "sha1-Ljyyw56kSeVdHmzZEReszKRYgCE=",
      "requires": {
        "bintrees": "1.0.1"
      }
    }
  }
}
